
Microsoft Visual Studio Solution File, Format Version 12.00
# Visual Studio Version 17
VisualStudioVersion = 17.9.34902.65
MinimumVisualStudioVersion = 10.0.40219.1
Project("{FAE04EC0-301F-11D3-BF4B-00C04F79EFBC}") = "Encryption129", "Encryption129\Encryption129.csproj", "{A7F386DD-CD46-4EBB-A3AB-FCB6E628015B}"
EndProject
Global
	GlobalSection(SolutionConfigurationPlatforms) = preSolution
		Debug|Any CPU = Debug|Any CPU
		Release|Any CPU = Release|Any CPU
	EndGlobalSection
	GlobalSection(ProjectConfigurationPlatforms) = postSolution
		{A7F386DD-CD46-4EBB-A3AB-FCB6E628015B}.Debug|Any CPU.ActiveCfg = Debug|Any CPU
		{A7F386DD-CD46-4EBB-A3AB-FCB6E628015B}.Debug|Any CPU.Build.0 = Debug|Any CPU
		{A7F386DD-CD46-4EBB-A3AB-FCB6E628015B}.Release|Any CPU.ActiveCfg = Release|Any CPU
		{A7F386DD-CD46-4EBB-A3AB-FCB6E628015B}.Release|Any CPU.Build.0 = Release|Any CPU
	EndGlobalSection
	GlobalSection(SolutionProperties) = preSolution
		HideSolutionNode = FALSE
	EndGlobalSection
	GlobalSection(ExtensibilityGlobals) = postSolution
		SolutionGuid = {D7FF41BF-E0F3-498C-BAF8-974DE137AC00}
	EndGlobalSection
EndGlobal
